// !$*UTF8*$!
{
	archiveVersion = 1;
	classes = {
	};
	objectVersion = 55;
	objects = {

/* Begin PBXBuildFile section */
		1C987F462903326200A8D1C5 /* AppDelegate.swift in Sources */ = {isa = PBXBuildFile; fileRef = 1C987F452903326200A8D1C5 /* AppDelegate.swift */; };
		1C987F482903326200A8D1C5 /* SceneDelegate.swift in Sources */ = {isa = PBXBuildFile; fileRef = 1C987F472903326200A8D1C5 /* SceneDelegate.swift */; };
		1C987F4A2903326200A8D1C5 /* ViewController.swift in Sources */ = {isa = PBXBuildFile; fileRef = 1C987F492903326200A8D1C5 /* ViewController.swift */; };
		1C987F4D2903326200A8D1C5 /* Main.storyboard in Resources */ = {isa = PBXBuildFile; fileRef = 1C987F4B2903326200A8D1C5 /* Main.storyboard */; };
		1C987F4F2903326300A8D1C5 /* Assets.xcassets in Resources */ = {isa = PBXBuildFile; fileRef = 1C987F4E2903326300A8D1C5 /* Assets.xcassets */; };
		1C987F522903326300A8D1C5 /* LaunchScreen.storyboard in Resources */ = {isa = PBXBuildFile; fileRef = 1C987F502903326300A8D1C5 /* LaunchScreen.storyboard */; };
		1C987F5D2903326300A8D1C5 /* med_trackerTests.swift in Sources */ = {isa = PBXBuildFile; fileRef = 1C987F5C2903326300A8D1C5 /* med_trackerTests.swift */; };
		1C987F672903326300A8D1C5 /* med_trackerUITests.swift in Sources */ = {isa = PBXBuildFile; fileRef = 1C987F662903326300A8D1C5 /* med_trackerUITests.swift */; };
		1C987F692903326300A8D1C5 /* med_trackerUITestsLaunchTests.swift in Sources */ = {isa = PBXBuildFile; fileRef = 1C987F682903326300A8D1C5 /* med_trackerUITestsLaunchTests.swift */; };
		1CD06BE82941617100E03F31 /* Networking.swift in Sources */ = {isa = PBXBuildFile; fileRef = 1CD06BE72941617100E03F31 /* Networking.swift */; };
		1CD06BEA29416D4A00E03F31 /* MyMedicineViewController.swift in Sources */ = {isa = PBXBuildFile; fileRef = 1CD06BE929416D4A00E03F31 /* MyMedicineViewController.swift */; };
		1CD06BEC2941761C00E03F31 /* MedicineTableViewCell.swift in Sources */ = {isa = PBXBuildFile; fileRef = 1CD06BEB2941761C00E03F31 /* MedicineTableViewCell.swift */; };
		1CD06BEE294181D400E03F31 /* AddingNewMedicine.swift in Sources */ = {isa = PBXBuildFile; fileRef = 1CD06BED294181D400E03F31 /* AddingNewMedicine.swift */; };
/* End PBXBuildFile section */

/* Begin PBXContainerItemProxy section */
		1C987F592903326300A8D1C5 /* PBXContainerItemProxy */ = {
			isa = PBXContainerItemProxy;
			containerPortal = 1C987F3A2903326200A8D1C5 /* Project object */;
			proxyType = 1;
			remoteGlobalIDString = 1C987F412903326200A8D1C5;
			remoteInfo = med_tracker;
		};
		1C987F632903326300A8D1C5 /* PBXContainerItemProxy */ = {
			isa = PBXContainerItemProxy;
			containerPortal = 1C987F3A2903326200A8D1C5 /* Project object */;
			proxyType = 1;
			remoteGlobalIDString = 1C987F412903326200A8D1C5;
			remoteInfo = med_tracker;
		};
/* End PBXContainerItemProxy section */

/* Begin PBXFileReference section */
		1C987F422903326200A8D1C5 /* med_tracker.app */ = {isa = PBXFileReference; explicitFileType = wrapper.application; includeInIndex = 0; path = med_tracker.app; sourceTree = BUILT_PRODUCTS_DIR; };
		1C987F452903326200A8D1C5 /* AppDelegate.swift */ = {isa = PBXFileReference; lastKnownFileType = sourcecode.swift; path = AppDelegate.swift; sourceTree = "<group>"; };
		1C987F472903326200A8D1C5 /* SceneDelegate.swift */ = {isa = PBXFileReference; lastKnownFileType = sourcecode.swift; path = SceneDelegate.swift; sourceTree = "<group>"; };
		1C987F492903326200A8D1C5 /* ViewController.swift */ = {isa = PBXFileReference; lastKnownFileType = sourcecode.swift; path = ViewController.swift; sourceTree = "<group>"; };
		1C987F4C2903326200A8D1C5 /* Base */ = {isa = PBXFileReference; lastKnownFileType = file.storyboard; name = Base; path = Base.lproj/Main.storyboard; sourceTree = "<group>"; };
		1C987F4E2903326300A8D1C5 /* Assets.xcassets */ = {isa = PBXFileReference; lastKnownFileType = folder.assetcatalog; path = Assets.xcassets; sourceTree = "<group>"; };
		1C987F512903326300A8D1C5 /* Base */ = {isa = PBXFileReference; lastKnownFileType = file.storyboard; name = Base; path = Base.lproj/LaunchScreen.storyboard; sourceTree = "<group>"; };
		1C987F532903326300A8D1C5 /* Info.plist */ = {isa = PBXFileReference; lastKnownFileType = text.plist.xml; path = Info.plist; sourceTree = "<group>"; };
		1C987F582903326300A8D1C5 /* med_trackerTests.xctest */ = {isa = PBXFileReference; explicitFileType = wrapper.cfbundle; includeInIndex = 0; path = med_trackerTests.xctest; sourceTree = BUILT_PRODUCTS_DIR; };
		1C987F5C2903326300A8D1C5 /* med_trackerTests.swift */ = {isa = PBXFileReference; lastKnownFileType = sourcecode.swift; path = med_trackerTests.swift; sourceTree = "<group>"; };
		1C987F622903326300A8D1C5 /* med_trackerUITests.xctest */ = {isa = PBXFileReference; explicitFileType = wrapper.cfbundle; includeInIndex = 0; path = med_trackerUITests.xctest; sourceTree = BUILT_PRODUCTS_DIR; };
		1C987F662903326300A8D1C5 /* med_trackerUITests.swift */ = {isa = PBXFileReference; lastKnownFileType = sourcecode.swift; path = med_trackerUITests.swift; sourceTree = "<group>"; };
		1C987F682903326300A8D1C5 /* med_trackerUITestsLaunchTests.swift */ = {isa = PBXFileReference; lastKnownFileType = sourcecode.swift; path = med_trackerUITestsLaunchTests.swift; sourceTree = "<group>"; };
		1CD06BE72941617100E03F31 /* Networking.swift */ = {isa = PBXFileReference; lastKnownFileType = sourcecode.swift; path = Networking.swift; sourceTree = "<group>"; };
		1CD06BE929416D4A00E03F31 /* MyMedicineViewController.swift */ = {isa = PBXFileReference; lastKnownFileType = sourcecode.swift; path = MyMedicineViewController.swift; sourceTree = "<group>"; };
		1CD06BEB2941761C00E03F31 /* MedicineTableViewCell.swift */ = {isa = PBXFileReference; lastKnownFileType = sourcecode.swift; path = MedicineTableViewCell.swift; sourceTree = "<group>"; };
		1CD06BED294181D400E03F31 /* AddingNewMedicine.swift */ = {isa = PBXFileReference; lastKnownFileType = sourcecode.swift; path = AddingNewMedicine.swift; sourceTree = "<group>"; };
/* End PBXFileReference section */

/* Begin PBXFrameworksBuildPhase section */
		1C987F3F2903326200A8D1C5 /* Frameworks */ = {
			isa = PBXFrameworksBuildPhase;
			buildActionMask = 2147483647;
			files = (
			);
			runOnlyForDeploymentPostprocessing = 0;
		};
		1C987F552903326300A8D1C5 /* Frameworks */ = {
			isa = PBXFrameworksBuildPhase;
			buildActionMask = 2147483647;
			files = (
			);
			runOnlyForDeploymentPostprocessing = 0;
		};
		1C987F5F2903326300A8D1C5 /* Frameworks */ = {
			isa = PBXFrameworksBuildPhase;
			buildActionMask = 2147483647;
			files = (
			);
			runOnlyForDeploymentPostprocessing = 0;
		};
/* End PBXFrameworksBuildPhase section */

/* Begin PBXGroup section */
		1C987F392903326200A8D1C5 = {
			isa = PBXGroup;
			children = (
				1C987F442903326200A8D1C5 /* med_tracker */,
				1C987F5B2903326300A8D1C5 /* med_trackerTests */,
				1C987F652903326300A8D1C5 /* med_trackerUITests */,
				1C987F432903326200A8D1C5 /* Products */,
			);
			sourceTree = "<group>";
		};
		1C987F432903326200A8D1C5 /* Products */ = {
			isa = PBXGroup;
			children = (
				1C987F422903326200A8D1C5 /* med_tracker.app */,
				1C987F582903326300A8D1C5 /* med_trackerTests.xctest */,
				1C987F622903326300A8D1C5 /* med_trackerUITests.xctest */,
			);
			name = Products;
			sourceTree = "<group>";
		};
		1C987F442903326200A8D1C5 /* med_tracker */ = {
			isa = PBXGroup;
			children = (
				1C987F452903326200A8D1C5 /* AppDelegate.swift */,
				1C987F472903326200A8D1C5 /* SceneDelegate.swift */,
				1CD06BEF294181E700E03F31 /* Model */,
				1CD06BF0294181F100E03F31 /* View */,
				1CD06BF1294181F700E03F31 /* Controller */,
				1C987F4E2903326300A8D1C5 /* Assets.xcassets */,
				1C987F502903326300A8D1C5 /* LaunchScreen.storyboard */,
				1C987F532903326300A8D1C5 /* Info.plist */,
			);
			path = med_tracker;
			sourceTree = "<group>";
		};
		1C987F5B2903326300A8D1C5 /* med_trackerTests */ = {
			isa = PBXGroup;
			children = (
				1C987F5C2903326300A8D1C5 /* med_trackerTests.swift */,
			);
			path = med_trackerTests;
			sourceTree = "<group>";
		};
		1C987F652903326300A8D1C5 /* med_trackerUITests */ = {
			isa = PBXGroup;
			children = (
				1C987F662903326300A8D1C5 /* med_trackerUITests.swift */,
				1C987F682903326300A8D1C5 /* med_trackerUITestsLaunchTests.swift */,
			);
			path = med_trackerUITests;
			sourceTree = "<group>";
		};
		1CD06BEF294181E700E03F31 /* Model */ = {
			isa = PBXGroup;
			children = (
				1CD06BE72941617100E03F31 /* Networking.swift */,
			);
			path = Model;
			sourceTree = "<group>";
		};
		1CD06BF0294181F100E03F31 /* View */ = {
			isa = PBXGroup;
			children = (
				1C987F4B2903326200A8D1C5 /* Main.storyboard */,
				1CD06BEB2941761C00E03F31 /* MedicineTableViewCell.swift */,
			);
			path = View;
			sourceTree = "<group>";
		};
		1CD06BF1294181F700E03F31 /* Controller */ = {
			isa = PBXGroup;
			children = (
				1CD06BED294181D400E03F31 /* AddingNewMedicine.swift */,
				1C987F492903326200A8D1C5 /* ViewController.swift */,
				1CD06BE929416D4A00E03F31 /* MyMedicineViewController.swift */,
			);
			path = Controller;
			sourceTree = "<group>";
		};
/* End PBXGroup section */

/* Begin PBXNativeTarget section */
		1C987F412903326200A8D1C5 /* med_tracker */ = {
			isa = PBXNativeTarget;
			buildConfigurationList = 1C987F6C2903326300A8D1C5 /* Build configuration list for PBXNativeTarget "med_tracker" */;
			buildPhases = (
				1C987F3E2903326200A8D1C5 /* Sources */,
				1C987F3F2903326200A8D1C5 /* Frameworks */,
				1C987F402903326200A8D1C5 /* Resources */,
			);
			buildRules = (
			);
			dependencies = (
			);
			name = med_tracker;
			productName = med_tracker;
			productReference = 1C987F422903326200A8D1C5 /* med_tracker.app */;
			productType = "com.apple.product-type.application";
		};
		1C987F572903326300A8D1C5 /* med_trackerTests */ = {
			isa = PBXNativeTarget;
			buildConfigurationList = 1C987F6F2903326300A8D1C5 /* Build configuration list for PBXNativeTarget "med_trackerTests" */;
			buildPhases = (
				1C987F542903326300A8D1C5 /* Sources */,
				1C987F552903326300A8D1C5 /* Frameworks */,
				1C987F562903326300A8D1C5 /* Resources */,
			);
			buildRules = (
			);
			dependencies = (
				1C987F5A2903326300A8D1C5 /* PBXTargetDependency */,
			);
			name = med_trackerTests;
			productName = med_trackerTests;
			productReference = 1C987F582903326300A8D1C5 /* med_trackerTests.xctest */;
			productType = "com.apple.product-type.bundle.unit-test";
		};
		1C987F612903326300A8D1C5 /* med_trackerUITests */ = {
			isa = PBXNativeTarget;
			buildConfigurationList = 1C987F722903326300A8D1C5 /* Build configuration list for PBXNativeTarget "med_trackerUITests" */;
			buildPhases = (
				1C987F5E2903326300A8D1C5 /* Sources */,
				1C987F5F2903326300A8D1C5 /* Frameworks */,
				1C987F602903326300A8D1C5 /* Resources */,
			);
			buildRules = (
			);
			dependencies = (
				1C987F642903326300A8D1C5 /* PBXTargetDependency */,
			);
			name = med_trackerUITests;
			productName = med_trackerUITests;
			productReference = 1C987F622903326300A8D1C5 /* med_trackerUITests.xctest */;
			productType = "com.apple.product-type.bundle.ui-testing";
		};
/* End PBXNativeTarget section */

/* Begin PBXProject section */
		1C987F3A2903326200A8D1C5 /* Project object */ = {
			isa = PBXProject;
			attributes = {
				BuildIndependentTargetsInParallel = 1;
				LastSwiftUpdateCheck = 1340;
				LastUpgradeCheck = 1340;
				TargetAttributes = {
					1C987F412903326200A8D1C5 = {
						CreatedOnToolsVersion = 13.4.1;
					};
					1C987F572903326300A8D1C5 = {
						CreatedOnToolsVersion = 13.4.1;
						TestTargetID = 1C987F412903326200A8D1C5;
					};
					1C987F612903326300A8D1C5 = {
						CreatedOnToolsVersion = 13.4.1;
						TestTargetID = 1C987F412903326200A8D1C5;
					};
				};
			};
			buildConfigurationList = 1C987F3D2903326200A8D1C5 /* Build configuration list for PBXProject "med_tracker" */;
			compatibilityVersion = "Xcode 13.0";
			developmentRegion = en;
			hasScannedForEncodings = 0;
			knownRegions = (
				en,
				Base,
			);
			mainGroup = 1C987F392903326200A8D1C5;
			productRefGroup = 1C987F432903326200A8D1C5 /* Products */;
			projectDirPath = "";
			projectRoot = "";
			targets = (
				1C987F412903326200A8D1C5 /* med_tracker */,
				1C987F572903326300A8D1C5 /* med_trackerTests */,
				1C987F612903326300A8D1C5 /* med_trackerUITests */,
			);
		};
/* End PBXProject section */

/* Begin PBXResourcesBuildPhase section */
		1C987F402903326200A8D1C5 /* Resources */ = {
			isa = PBXResourcesBuildPhase;
			buildActionMask = 2147483647;
			files = (
				1C987F522903326300A8D1C5 /* LaunchScreen.storyboard in Resources */,
				1C987F4F2903326300A8D1C5 /* Assets.xcassets in Resources */,
				1C987F4D2903326200A8D1C5 /* Main.storyboard in Resources */,
			);
			runOnlyForDeploymentPostprocessing = 0;
		};
		1C987F562903326300A8D1C5 /* Resources */ = {
			isa = PBXResourcesBuildPhase;
			buildActionMask = 2147483647;
			files = (
			);
			runOnlyForDeploymentPostprocessing = 0;
		};
		1C987F602903326300A8D1C5 /* Resources */ = {
			isa = PBXResourcesBuildPhase;
			buildActionMask = 2147483647;
			files = (
			);
			runOnlyForDeploymentPostprocessing = 0;
		};
/* End PBXResourcesBuildPhase section */

/* Begin PBXSourcesBuildPhase section */
		1C987F3E2903326200A8D1C5 /* Sources */ = {
			isa = PBXSourcesBuildPhase;
			buildActionMask = 2147483647;
			files = (
				1C987F4A2903326200A8D1C5 /* ViewController.swift in Sources */,
				1CD06BEC2941761C00E03F31 /* MedicineTableViewCell.swift in Sources */,
				1C987F462903326200A8D1C5 /* AppDelegate.swift in Sources */,
				1CD06BEA29416D4A00E03F31 /* MyMedicineViewController.swift in Sources */,
				1CD06BEE294181D400E03F31 /* AddingNewMedicine.swift in Sources */,
				1C987F482903326200A8D1C5 /* SceneDelegate.swift in Sources */,
				1CD06BE82941617100E03F31 /* Networking.swift in Sources */,
			);
			runOnlyForDeploymentPostprocessing = 0;
		};
		1C987F542903326300A8D1C5 /* Sources */ = {
			isa = PBXSourcesBuildPhase;
			buildActionMask = 2147483647;
			files = (
				1C987F5D2903326300A8D1C5 /* med_trackerTests.swift in Sources */,
			);
			runOnlyForDeploymentPostprocessing = 0;
		};
		1C987F5E2903326300A8D1C5 /* Sources */ = {
			isa = PBXSourcesBuildPhase;
			buildActionMask = 2147483647;
			files = (
				1C987F692903326300A8D1C5 /* med_trackerUITestsLaunchTests.swift in Sources */,
				1C987F672903326300A8D1C5 /* med_trackerUITests.swift in Sources */,
			);
			runOnlyForDeploymentPostprocessing = 0;
		};
/* End PBXSourcesBuildPhase section */

/* Begin PBXTargetDependency section */
		1C987F5A2903326300A8D1C5 /* PBXTargetDependency */ = {
			isa = PBXTargetDependency;
			target = 1C987F412903326200A8D1C5 /* med_tracker */;
			targetProxy = 1C987F592903326300A8D1C5 /* PBXContainerItemProxy */;
		};
		1C987F642903326300A8D1C5 /* PBXTargetDependency */ = {
			isa = PBXTargetDependency;
			target = 1C987F412903326200A8D1C5 /* med_tracker */;
			targetProxy = 1C987F632903326300A8D1C5 /* PBXContainerItemProxy */;
		};
/* End PBXTargetDependency section */

/* Begin PBXVariantGroup section */
		1C987F4B2903326200A8D1C5 /* Main.storyboard */ = {
			isa = PBXVariantGroup;
			children = (
				1C987F4C2903326200A8D1C5 /* Base */,
			);
			name = Main.storyboard;
			sourceTree = "<group>";
		};
		1C987F502903326300A8D1C5 /* LaunchScreen.storyboard */ = {
			isa = PBXVariantGroup;
			children = (
				1C987F512903326300A8D1C5 /* Base */,
			);
			name = LaunchScreen.storyboard;
			sourceTree = "<group>";
		};
/* End PBXVariantGroup section */

/* Begin XCBuildConfiguration section */
		1C987F6A2903326300A8D1C5 /* Debug */ = {
			isa = XCBuildConfiguration;
			buildSettings = {
				ALWAYS_SEARCH_USER_PATHS = NO;
				CLANG_ANALYZER_NONNULL = YES;
				CLANG_ANALYZER_NUMBER_OBJECT_CONVERSION = YES_AGGRESSIVE;
				CLANG_CXX_LANGUAGE_STANDARD = "gnu++17";
				CLANG_ENABLE_MODULES = YES;
				CLANG_ENABLE_OBJC_ARC = YES;
				CLANG_ENABLE_OBJC_WEAK = YES;
				CLANG_WARN_BLOCK_CAPTURE_AUTORELEASING = YES;
				CLANG_WARN_BOOL_CONVERSION = YES;
				CLANG_WARN_COMMA = YES;
				CLANG_WARN_CONSTANT_CONVERSION = YES;
				CLANG_WARN_DEPRECATED_OBJC_IMPLEMENTATIONS = YES;
				CLANG_WARN_DIRECT_OBJC_ISA_USAGE = YES_ERROR;
				CLANG_WARN_DOCUMENTATION_COMMENTS = YES;
				CLANG_WARN_EMPTY_BODY = YES;
				CLANG_WARN_ENUM_CONVERSION = YES;
				CLANG_WARN_INFINITE_RECURSION = YES;
				CLANG_WARN_INT_CONVERSION = YES;
				CLANG_WARN_NON_LITERAL_NULL_CONVERSION = YES;
				CLANG_WARN_OBJC_IMPLICIT_RETAIN_SELF = YES;
				CLANG_WARN_OBJC_LITERAL_CONVERSION = YES;
				CLANG_WARN_OBJC_ROOT_CLASS = YES_ERROR;
				CLANG_WARN_QUOTED_INCLUDE_IN_FRAMEWORK_HEADER = YES;
				CLANG_WARN_RANGE_LOOP_ANALYSIS = YES;
				CLANG_WARN_STRICT_PROTOTYPES = YES;
				CLANG_WARN_SUSPICIOUS_MOVE = YES;
				CLANG_WARN_UNGUARDED_AVAILABILITY = YES_AGGRESSIVE;
				CLANG_WARN_UNREACHABLE_CODE = YES;
				CLANG_WARN__DUPLICATE_METHOD_MATCH = YES;
				COPY_PHASE_STRIP = NO;
				DEBUG_INFORMATION_FORMAT = dwarf;
				ENABLE_STRICT_OBJC_MSGSEND = YES;
				ENABLE_TESTABILITY = YES;
				GCC_C_LANGUAGE_STANDARD = gnu11;
				GCC_DYNAMIC_NO_PIC = NO;
				GCC_NO_COMMON_BLOCKS = YES;
				GCC_OPTIMIZATION_LEVEL = 0;
				GCC_PREPROCESSOR_DEFINITIONS = (
					"DEBUG=1",
					"$(inherited)",
				);
				GCC_WARN_64_TO_32_BIT_CONVERSION = YES;
				GCC_WARN_ABOUT_RETURN_TYPE = YES_ERROR;
				GCC_WARN_UNDECLARED_SELECTOR = YES;
				GCC_WARN_UNINITIALIZED_AUTOS = YES_AGGRESSIVE;
				GCC_WARN_UNUSED_FUNCTION = YES;
				GCC_WARN_UNUSED_VARIABLE = YES;
				IPHONEOS_DEPLOYMENT_TARGET = 15.5;
				MTL_ENABLE_DEBUG_INFO = INCLUDE_SOURCE;
				MTL_FAST_MATH = YES;
				ONLY_ACTIVE_ARCH = YES;
				SDKROOT = iphoneos;
				SWIFT_ACTIVE_COMPILATION_CONDITIONS = DEBUG;
				SWIFT_OPTIMIZATION_LEVEL = "-Onone";
			};
			name = Debug;
		};
		1C987F6B2903326300A8D1C5 /* Release */ = {
			isa = XCBuildConfiguration;
			buildSettings = {
				ALWAYS_SEARCH_USER_PATHS = NO;
				CLANG_ANALYZER_NONNULL = YES;
				CLANG_ANALYZER_NUMBER_OBJECT_CONVERSION = YES_AGGRESSIVE;
				CLANG_CXX_LANGUAGE_STANDARD = "gnu++17";
				CLANG_ENABLE_MODULES = YES;
				CLANG_ENABLE_OBJC_ARC = YES;
				CLANG_ENABLE_OBJC_WEAK = YES;
				CLANG_WARN_BLOCK_CAPTURE_AUTORELEASING = YES;
				CLANG_WARN_BOOL_CONVERSION = YES;
				CLANG_WARN_COMMA = YES;
				CLANG_WARN_CONSTANT_CONVERSION = YES;
				CLANG_WARN_DEPRECATED_OBJC_IMPLEMENTATIONS = YES;
				CLANG_WARN_DIRECT_OBJC_ISA_USAGE = YES_ERROR;
				CLANG_WARN_DOCUMENTATION_COMMENTS = YES;
				CLANG_WARN_EMPTY_BODY = YES;
				CLANG_WARN_ENUM_CONVERSION = YES;
				CLANG_WARN_INFINITE_RECURSION = YES;
				CLANG_WARN_INT_CONVERSION = YES;
				CLANG_WARN_NON_LITERAL_NULL_CONVERSION = YES;
				CLANG_WARN_OBJC_IMPLICIT_RETAIN_SELF = YES;
				CLANG_WARN_OBJC_LITERAL_CONVERSION = YES;
				CLANG_WARN_OBJC_ROOT_CLASS = YES_ERROR;
				CLANG_WARN_QUOTED_INCLUDE_IN_FRAMEWORK_HEADER = YES;
				CLANG_WARN_RANGE_LOOP_ANALYSIS = YES;
				CLANG_WARN_STRICT_PROTOTYPES = YES;
				CLANG_WARN_SUSPICIOUS_MOVE = YES;
				CLANG_WARN_UNGUARDED_AVAILABILITY = YES_AGGRESSIVE;
				CLANG_WARN_UNREACHABLE_CODE = YES;
				CLANG_WARN__DUPLICATE_METHOD_MATCH = YES;
				COPY_PHASE_STRIP = NO;
				DEBUG_INFORMATION_FORMAT = "dwarf-with-dsym";
				ENABLE_NS_ASSERTIONS = NO;
				ENABLE_STRICT_OBJC_MSGSEND = YES;
				GCC_C_LANGUAGE_STANDARD = gnu11;
				GCC_NO_COMMON_BLOCKS = YES;
				GCC_WARN_64_TO_32_BIT_CONVERSION = YES;
				GCC_WARN_ABOUT_RETURN_TYPE = YES_ERROR;
				GCC_WARN_UNDECLARED_SELECTOR = YES;
				GCC_WARN_UNINITIALIZED_AUTOS = YES_AGGRESSIVE;
				GCC_WARN_UNUSED_FUNCTION = YES;
				GCC_WARN_UNUSED_VARIABLE = YES;
				IPHONEOS_DEPLOYMENT_TARGET = 15.5;
				MTL_ENABLE_DEBUG_INFO = NO;
				MTL_FAST_MATH = YES;
				SDKROOT = iphoneos;
				SWIFT_COMPILATION_MODE = wholemodule;
				SWIFT_OPTIMIZATION_LEVEL = "-O";
				VALIDATE_PRODUCT = YES;
			};
			name = Release;
		};
		1C987F6D2903326300A8D1C5 /* Debug */ = {
			isa = XCBuildConfiguration;
			buildSettings = {
				ASSETCATALOG_COMPILER_APPICON_NAME = AppIcon;
				ASSETCATALOG_COMPILER_GLOBAL_ACCENT_COLOR_NAME = AccentColor;
				CODE_SIGN_STYLE = Automatic;
				CURRENT_PROJECT_VERSION = 1;
				DEVELOPMENT_TEAM = 533TP9CHK8;
				GENERATE_INFOPLIST_FILE = YES;
				INFOPLIST_FILE = med_tracker/Info.plist;
				INFOPLIST_KEY_UIApplicationSupportsIndirectInputEvents = YES;
				INFOPLIST_KEY_UILaunchStoryboardName = LaunchScreen;
				INFOPLIST_KEY_UIMainStoryboardFile = Main;
				INFOPLIST_KEY_UISupportedInterfaceOrientations_iPad = "UIInterfaceOrientationPortrait UIInterfaceOrientationPortraitUpsideDown UIInterfaceOrientationLandscapeLeft UIInterfaceOrientationLandscapeRight";
				INFOPLIST_KEY_UISupportedInterfaceOrientations_iPhone = "UIInterfaceOrientationPortrait UIInterfaceOrientationLandscapeLeft UIInterfaceOrientationLandscapeRight";
				LD_RUNPATH_SEARCH_PATHS = (
					"$(inherited)",
					"@executable_path/Frameworks",
				);
				MARKETING_VERSION = 1.0;
				PRODUCT_BUNDLE_IDENTIFIER = "anOrg.med-tracker";
				PRODUCT_NAME = "$(TARGET_NAME)";
				SWIFT_EMIT_LOC_STRINGS = YES;
				SWIFT_VERSION = 5.0;
				TARGETED_DEVICE_FAMILY = "1,2";
			};
			name = Debug;
		};
		1C987F6E2903326300A8D1C5 /* Release */ = {
			isa = XCBuildConfiguration;
			buildSettings = {
				ASSETCATALOG_COMPILER_APPICON_NAME = AppIcon;
				ASSETCATALOG_COMPILER_GLOBAL_ACCENT_COLOR_NAME = AccentColor;
				CODE_SIGN_STYLE = Automatic;
				CURRENT_PROJECT_VERSION = 1;
				DEVELOPMENT_TEAM = 533TP9CHK8;
				GENERATE_INFOPLIST_FILE = YES;
				INFOPLIST_FILE = med_tracker/Info.plist;
				INFOPLIST_KEY_UIApplicationSupportsIndirectInputEvents = YES;
				INFOPLIST_KEY_UILaunchStoryboardName = LaunchScreen;
				INFOPLIST_KEY_UIMainStoryboardFile = Main;
				INFOPLIST_KEY_UISupportedInterfaceOrientations_iPad = "UIInterfaceOrientationPortrait UIInterfaceOrientationPortraitUpsideDown UIInterfaceOrientationLandscapeLeft UIInterfaceOrientationLandscapeRight";
				INFOPLIST_KEY_UISupportedInterfaceOrientations_iPhone = "UIInterfaceOrientationPortrait UIInterfaceOrientationLandscapeLeft UIInterfaceOrientationLandscapeRight";
				LD_RUNPATH_SEARCH_PATHS = (
					"$(inherited)",
					"@executable_path/Frameworks",
				);
				MARKETING_VERSION = 1.0;
				PRODUCT_BUNDLE_IDENTIFIER = "anOrg.med-tracker";
				PRODUCT_NAME = "$(TARGET_NAME)";
				SWIFT_EMIT_LOC_STRINGS = YES;
				SWIFT_VERSION = 5.0;
				TARGETED_DEVICE_FAMILY = "1,2";
			};
			name = Release;
		};
		1C987F702903326300A8D1C5 /* Debug */ = {
			isa = XCBuildConfiguration;
			buildSettings = {
				ALWAYS_EMBED_SWIFT_STANDARD_LIBRARIES = YES;
				BUNDLE_LOADER = "$(TEST_HOST)";
				CODE_SIGN_STYLE = Automatic;
				CURRENT_PROJECT_VERSION = 1;
				DEVELOPMENT_TEAM = 533TP9CHK8;
				GENERATE_INFOPLIST_FILE = YES;
				IPHONEOS_DEPLOYMENT_TARGET = 15.5;
				MARKETING_VERSION = 1.0;
				PRODUCT_BUNDLE_IDENTIFIER = "anOrg.med-trackerTests";
				PRODUCT_NAME = "$(TARGET_NAME)";
				SWIFT_EMIT_LOC_STRINGS = NO;
				SWIFT_VERSION = 5.0;
				TARGETED_DEVICE_FAMILY = "1,2";
				TEST_HOST = "$(BUILT_PRODUCTS_DIR)/med_tracker.app/med_tracker";
			};
			name = Debug;
		};
		1C987F712903326300A8D1C5 /* Release */ = {
			isa = XCBuildConfiguration;
			buildSettings = {
				ALWAYS_EMBED_SWIFT_STANDARD_LIBRARIES = YES;
				BUNDLE_LOADER = "$(TEST_HOST)";
				CODE_SIGN_STYLE = Automatic;
				CURRENT_PROJECT_VERSION = 1;
				DEVELOPMENT_TEAM = 533TP9CHK8;
				GENERATE_INFOPLIST_FILE = YES;
				IPHONEOS_DEPLOYMENT_TARGET = 15.5;
				MARKETING_VERSION = 1.0;
				PRODUCT_BUNDLE_IDENTIFIER = "anOrg.med-trackerTests";
				PRODUCT_NAME = "$(TARGET_NAME)";
				SWIFT_EMIT_LOC_STRINGS = NO;
				SWIFT_VERSION = 5.0;
				TARGETED_DEVICE_FAMILY = "1,2";
				TEST_HOST = "$(BUILT_PRODUCTS_DIR)/med_tracker.app/med_tracker";
			};
			name = Release;
		};
		1C987F732903326300A8D1C5 /* Debug */ = {
			isa = XCBuildConfiguration;
			buildSettings = {
				ALWAYS_EMBED_SWIFT_STANDARD_LIBRARIES = YES;
				CODE_SIGN_STYLE = Automatic;
				CURRENT_PROJECT_VERSION = 1;
				DEVELOPMENT_TEAM = 533TP9CHK8;
				GENERATE_INFOPLIST_FILE = YES;
				MARKETING_VERSION = 1.0;
				PRODUCT_BUNDLE_IDENTIFIER = "anOrg.med-trackerUITests";
				PRODUCT_NAME = "$(TARGET_NAME)";
				SWIFT_EMIT_LOC_STRINGS = NO;
				SWIFT_VERSION = 5.0;
				TARGETED_DEVICE_FAMILY = "1,2";
				TEST_TARGET_NAME = med_tracker;
			};
			name = Debug;
		};
		1C987F742903326300A8D1C5 /* Release */ = {
			isa = XCBuildConfiguration;
			buildSettings = {
				ALWAYS_EMBED_SWIFT_STANDARD_LIBRARIES = YES;
				CODE_SIGN_STYLE = Automatic;
				CURRENT_PROJECT_VERSION = 1;
				DEVELOPMENT_TEAM = 533TP9CHK8;
				GENERATE_INFOPLIST_FILE = YES;
				MARKETING_VERSION = 1.0;
				PRODUCT_BUNDLE_IDENTIFIER = "anOrg.med-trackerUITests";
				PRODUCT_NAME = "$(TARGET_NAME)";
				SWIFT_EMIT_LOC_STRINGS = NO;
				SWIFT_VERSION = 5.0;
				TARGETED_DEVICE_FAMILY = "1,2";
				TEST_TARGET_NAME = med_tracker;
			};
			name = Release;
		};
/* End XCBuildConfiguration section */

/* Begin XCConfigurationList section */
		1C987F3D2903326200A8D1C5 /* Build configuration list for PBXProject "med_tracker" */ = {
			isa = XCConfigurationList;
			buildConfigurations = (
				1C987F6A2903326300A8D1C5 /* Debug */,
				1C987F6B2903326300A8D1C5 /* Release */,
			);
			defaultConfigurationIsVisible = 0;
			defaultConfigurationName = Release;
		};
		1C987F6C2903326300A8D1C5 /* Build configuration list for PBXNativeTarget "med_tracker" */ = {
			isa = XCConfigurationList;
			buildConfigurations = (
				1C987F6D2903326300A8D1C5 /* Debug */,
				1C987F6E2903326300A8D1C5 /* Release */,
			);
			defaultConfigurationIsVisible = 0;
			defaultConfigurationName = Release;
		};
		1C987F6F2903326300A8D1C5 /* Build configuration list for PBXNativeTarget "med_trackerTests" */ = {
			isa = XCConfigurationList;
			buildConfigurations = (
				1C987F702903326300A8D1C5 /* Debug */,
				1C987F712903326300A8D1C5 /* Release */,
			);
			defaultConfigurationIsVisible = 0;
			defaultConfigurationName = Release;
		};
		1C987F722903326300A8D1C5 /* Build configuration list for PBXNativeTarget "med_trackerUITests" */ = {
			isa = XCConfigurationList;
			buildConfigurations = (
				1C987F732903326300A8D1C5 /* Debug */,
				1C987F742903326300A8D1C5 /* Release */,
			);
			defaultConfigurationIsVisible = 0;
			defaultConfigurationName = Release;
		};
/* End XCConfigurationList section */
	};
	rootObject = 1C987F3A2903326200A8D1C5 /* Project object */;
}
